
Microsoft Visual Studio Solution File, Format Version 12.00
# Visual Studio Version 17
VisualStudioVersion = 17.13.35806.99
MinimumVisualStudioVersion = 10.0.40219.1
Project("{FAE04EC0-301F-11D3-BF4B-00C04F79EFBC}") = "DM_Notes", "DM_Notes.csproj", "{44EEFECA-6D6B-410E-B76A-723996203C8D}"
EndProject
Project("{FAE04EC0-301F-11D3-BF4B-00C04F79EFBC}") = "DM_Notes.Tests", "DM_Notes.Tests\DM_Notes.Tests.csproj", "{7E853947-7DFC-4A4D-A212-0AAC427D0280}"
EndProject
Global
	GlobalSection(SolutionConfigurationPlatforms) = preSolution
		Debug|Any CPU = Debug|Any CPU
		Release|Any CPU = Release|Any CPU
	EndGlobalSection
	GlobalSection(ProjectConfigurationPlatforms) = postSolution
		{44EEFECA-6D6B-410E-B76A-723996203C8D}.Debug|Any CPU.ActiveCfg = Debug|Any CPU
		{44EEFECA-6D6B-410E-B76A-723996203C8D}.Debug|Any CPU.Build.0 = Debug|Any CPU
		{44EEFECA-6D6B-410E-B76A-723996203C8D}.Release|Any CPU.ActiveCfg = Release|Any CPU
		{44EEFECA-6D6B-410E-B76A-723996203C8D}.Release|Any CPU.Build.0 = Release|Any CPU
		{7E853947-7DFC-4A4D-A212-0AAC427D0280}.Debug|Any CPU.ActiveCfg = Debug|Any CPU
		{7E853947-7DFC-4A4D-A212-0AAC427D0280}.Debug|Any CPU.Build.0 = Debug|Any CPU
		{7E853947-7DFC-4A4D-A212-0AAC427D0280}.Release|Any CPU.ActiveCfg = Release|Any CPU
		{7E853947-7DFC-4A4D-A212-0AAC427D0280}.Release|Any CPU.Build.0 = Release|Any CPU
	EndGlobalSection
	GlobalSection(SolutionProperties) = preSolution
		HideSolutionNode = FALSE
	EndGlobalSection
	GlobalSection(ExtensibilityGlobals) = postSolution
		SolutionGuid = {D7C6967E-DE46-4A75-B0A2-5D9C24DF52DD}
	EndGlobalSection
EndGlobal
